
Microsoft Visual Studio Solution File, Format Version 12.00
# Visual Studio Version 17
VisualStudioVersion = 17.8.34316.72
MinimumVisualStudioVersion = 10.0.40219.1
Project("{9A19103F-16F7-4668-BE54-9A1E7A4F7556}") = "Konsollapp_adressbok", "Konsollapp\Konsollapp_adressbok.csproj", "{5069DE5A-4FFA-4F4B-89D2-AC0BC8DF31D5}"
EndProject
Project("{9A19103F-16F7-4668-BE54-9A1E7A4F7556}") = "Konsollapp_adressbok.Tests", "Konsollapp_adressbok.Tests\Konsollapp_adressbok.Tests.csproj", "{06DFF7D3-79D7-466C-AF04-B008BDC46010}"
EndProject
Project("{9A19103F-16F7-4668-BE54-9A1E7A4F7556}") = "Adressbok_Shared", "Adressbok_Shared\Adressbok_Shared.csproj", "{05E8E776-8FCE-479C-A1E8-46A5BF01B24C}"
EndProject
Project("{9A19103F-16F7-4668-BE54-9A1E7A4F7556}") = "Adressbok_App", "Adressbok_App\Adressbok_App.csproj", "{613BA570-3A1A-4D6C-BF0F-F5B29C211805}"
EndProject
Project("{FAE04EC0-301F-11D3-BF4B-00C04F79EFBC}") = "Adressbok_App.Tests", "Adressbok_App.Tests\Adressbok_App.Tests.csproj", "{C6C05581-E4C9-47EB-97B9-FC8A061EE133}"
EndProject
Global
	GlobalSection(SolutionConfigurationPlatforms) = preSolution
		Debug|Any CPU = Debug|Any CPU
		Release|Any CPU = Release|Any CPU
	EndGlobalSection
	GlobalSection(ProjectConfigurationPlatforms) = postSolution
		{5069DE5A-4FFA-4F4B-89D2-AC0BC8DF31D5}.Debug|Any CPU.ActiveCfg = Debug|Any CPU
		{5069DE5A-4FFA-4F4B-89D2-AC0BC8DF31D5}.Debug|Any CPU.Build.0 = Debug|Any CPU
		{5069DE5A-4FFA-4F4B-89D2-AC0BC8DF31D5}.Release|Any CPU.ActiveCfg = Release|Any CPU
		{5069DE5A-4FFA-4F4B-89D2-AC0BC8DF31D5}.Release|Any CPU.Build.0 = Release|Any CPU
		{06DFF7D3-79D7-466C-AF04-B008BDC46010}.Debug|Any CPU.ActiveCfg = Debug|Any CPU
		{06DFF7D3-79D7-466C-AF04-B008BDC46010}.Debug|Any CPU.Build.0 = Debug|Any CPU
		{06DFF7D3-79D7-466C-AF04-B008BDC46010}.Release|Any CPU.ActiveCfg = Release|Any CPU
		{06DFF7D3-79D7-466C-AF04-B008BDC46010}.Release|Any CPU.Build.0 = Release|Any CPU
		{05E8E776-8FCE-479C-A1E8-46A5BF01B24C}.Debug|Any CPU.ActiveCfg = Debug|Any CPU
		{05E8E776-8FCE-479C-A1E8-46A5BF01B24C}.Debug|Any CPU.Build.0 = Debug|Any CPU
		{05E8E776-8FCE-479C-A1E8-46A5BF01B24C}.Release|Any CPU.ActiveCfg = Release|Any CPU
		{05E8E776-8FCE-479C-A1E8-46A5BF01B24C}.Release|Any CPU.Build.0 = Release|Any CPU
		{613BA570-3A1A-4D6C-BF0F-F5B29C211805}.Debug|Any CPU.ActiveCfg = Debug|Any CPU
		{613BA570-3A1A-4D6C-BF0F-F5B29C211805}.Debug|Any CPU.Build.0 = Debug|Any CPU
		{613BA570-3A1A-4D6C-BF0F-F5B29C211805}.Release|Any CPU.ActiveCfg = Release|Any CPU
		{613BA570-3A1A-4D6C-BF0F-F5B29C211805}.Release|Any CPU.Build.0 = Release|Any CPU
		{C6C05581-E4C9-47EB-97B9-FC8A061EE133}.Debug|Any CPU.ActiveCfg = Debug|Any CPU
		{C6C05581-E4C9-47EB-97B9-FC8A061EE133}.Debug|Any CPU.Build.0 = Debug|Any CPU
		{C6C05581-E4C9-47EB-97B9-FC8A061EE133}.Release|Any CPU.ActiveCfg = Release|Any CPU
		{C6C05581-E4C9-47EB-97B9-FC8A061EE133}.Release|Any CPU.Build.0 = Release|Any CPU
	EndGlobalSection
	GlobalSection(SolutionProperties) = preSolution
		HideSolutionNode = FALSE
	EndGlobalSection
	GlobalSection(ExtensibilityGlobals) = postSolution
		SolutionGuid = {C98B4D8C-77CA-4BA0-84CC-B8D59204F2E1}
	EndGlobalSection
EndGlobal
